<?xml version="1.0" encoding="utf-8"?>
<Project ToolsVersion="4.0" xmlns="http://schemas.microsoft.com/developer/msbuild/2003">
  <ItemGroup>
    <Filter Include="源文件">
      <UniqueIdentifier>{4FC737F1-C7A5-4376-A066-2A32D752A2FF}</UniqueIdentifier>
      <Extensions>cpp;c;cc;cxx;c++;cppm;ixx;def;odl;idl;hpj;bat;asm;asmx</Extensions>
    </Filter>
    <Filter Include="头文件">
      <UniqueIdentifier>{93995380-89BD-4b04-88EB-625FBE52EBFB}</UniqueIdentifier>
      <Extensions>h;hh;hpp;hxx;h++;hm;inl;inc;ipp;xsd</Extensions>
    </Filter>
    <Filter Include="资源文件">
      <UniqueIdentifier>{67DA6AB6-F800-4c08-8B7A-83BB121AAD01}</UniqueIdentifier>
      <Extensions>rc;ico;cur;bmp;dlg;rc2;rct;bin;rgs;gif;jpg;jpeg;jpe;resx;tiff;tif;png;wav;mfcribbon-ms</Extensions>
    </Filter>
    <Filter Include="源文件\Class">
      <UniqueIdentifier>{bdee4aa4-c74b-4b19-a3cd-5be3238838e4}</UniqueIdentifier>
    </Filter>
    <Filter Include="源文件\template">
      <UniqueIdentifier>{10268a56-2985-43bc-b7ad-a2e834edbd57}</UniqueIdentifier>
    </Filter>
    <Filter Include="源文件\lambda">
      <UniqueIdentifier>{a9ae3ca6-229e-4da1-b150-b2b2156af367}</UniqueIdentifier>
    </Filter>
  </ItemGroup>
  <ItemGroup>
    <ClCompile Include="main.cpp">
      <Filter>源文件</Filter>
    </ClCompile>
    <ClCompile Include="airCondition.cpp">
      <Filter>源文件\Class</Filter>
    </ClCompile>
    <ClCompile Include="fraction.cpp">
      <Filter>源文件\Class</Filter>
    </ClCompile>
    <ClCompile Include="String.cpp">
      <Filter>源文件\Class</Filter>
    </ClCompile>
    <ClCompile Include="test.cpp">
      <Filter>源文件\template</Filter>
    </ClCompile>
    <ClCompile Include="virtual.cpp">
      <Filter>源文件\Class</Filter>
    </ClCompile>
    <ClCompile Include="lambda.cpp">
      <Filter>源文件\lambda</Filter>
    </ClCompile>
  </ItemGroup>
  <ItemGroup>
    <ClInclude Include="airCondition.h">
      <Filter>头文件</Filter>
    </ClInclude>
    <ClInclude Include="fraction.h">
      <Filter>头文件</Filter>
    </ClInclude>
    <ClInclude Include="String.h">
      <Filter>头文件</Filter>
    </ClInclude>
    <ClInclude Include="test.h">
      <Filter>头文件</Filter>
    </ClInclude>
    <ClInclude Include="virtual.h">
      <Filter>头文件</Filter>
    </ClInclude>
    <ClInclude Include="lambda.h">
      <Filter>头文件</Filter>
    </ClInclude>
  </ItemGroup>
</Project>